
Microsoft Visual Studio Solution File, Format Version 12.00
# Visual Studio Version 16
VisualStudioVersion = 16.0.31911.196
MinimumVisualStudioVersion = 10.0.40219.1
Project("{FAE04EC0-301F-11D3-BF4B-00C04F79EFBC}") = "Calsync", "Calsync.csproj", "{BEF57696-2FFA-4AA3-BD03-F774EE22B47B}"
EndProject
Global
	GlobalSection(SolutionConfigurationPlatforms) = preSolution
		Debug|Any CPU = Debug|Any CPU
		Release|Any CPU = Release|Any CPU
	EndGlobalSection
	GlobalSection(ProjectConfigurationPlatforms) = postSolution
		{BEF57696-2FFA-4AA3-BD03-F774EE22B47B}.Debug|Any CPU.ActiveCfg = Debug|Any CPU
		{BEF57696-2FFA-4AA3-BD03-F774EE22B47B}.Debug|Any CPU.Build.0 = Debug|Any CPU
		{BEF57696-2FFA-4AA3-BD03-F774EE22B47B}.Release|Any CPU.ActiveCfg = Release|Any CPU
		{BEF57696-2FFA-4AA3-BD03-F774EE22B47B}.Release|Any CPU.Build.0 = Release|Any CPU
	EndGlobalSection
	GlobalSection(SolutionProperties) = preSolution
		HideSolutionNode = FALSE
	EndGlobalSection
	GlobalSection(ExtensibilityGlobals) = postSolution
		SolutionGuid = {A3FFCA07-C3FE-4A18-9F9D-03AB6D0932E3}
	EndGlobalSection
EndGlobal
